# This file is automatically @generated by Cargo.
# It is not intended for manual editing.
version = 4

[[package]]
name = "outback-branding"
version = "0.1.0"

[[package]]
name = "outback-forge-server"
version = "0.1.0"
dependencies = [
 "outback-branding",
 "outback-loader",
]

[[package]]
name = "outback-loader"
version = "0.1.0"
